Microsoft Visual Studio Solution File, Format Version 12.00
# Visual Studio 15
Project("{8BC9CEB8-8B4A-11D0-8D11-00A0C91BC942}") = "ALL_BUILD", "ALL_BUILD.vcxproj", "{9CC5139B-1CD2-30B1-9057-469E2DD00780}"
	ProjectSection(ProjectDependencies) = postProject
		{96AC0B81-393A-3B80-9609-2B2891F416E1} = {96AC0B81-393A-3B80-9609-2B2891F416E1}
		{1DD53B1F-A7E5-38E3-8052-D63E540A7B49} = {1DD53B1F-A7E5-38E3-8052-D63E540A7B49}
		{F79D4830-C1F7-34D8-A3A7-B7EAC4FEB3F6} = {F79D4830-C1F7-34D8-A3A7-B7EAC4FEB3F6}
		{59EF30AB-748A-30EC-8E1A-578BFE7B9A65} = {59EF30AB-748A-30EC-8E1A-578BFE7B9A65}
		{ECF5488E-C3B3-3C8F-9F50-459D845855B1} = {ECF5488E-C3B3-3C8F-9F50-459D845855B1}
		{FD8BC3E8-A8FC-3E5A-92B1-0C1CAFDF76E5} = {FD8BC3E8-A8FC-3E5A-92B1-0C1CAFDF76E5}
		{F83AD28B-A3D5-35C9-A87F-16BF28B429CF} = {F83AD28B-A3D5-35C9-A87F-16BF28B429CF}
		{F9292CC2-71E4-3548-96D7-6412994A8BA0} = {F9292CC2-71E4-3548-96D7-6412994A8BA0}
		{2C373447-DF12-3623-A6A4-F3F8ECF56F47} = {2C373447-DF12-3623-A6A4-F3F8ECF56F47}
		{9373301C-8990-3CF8-A20F-2B9A11AE90E5} = {9373301C-8990-3CF8-A20F-2B9A11AE90E5}
		{CAE92184-8D4C-3211-B3C3-BE686CFAA568} = {CAE92184-8D4C-3211-B3C3-BE686CFAA568}
		{D5E57B43-A5BD-3F5C-90D0-E580FEE00805} = {D5E57B43-A5BD-3F5C-90D0-E580FEE00805}
		{759CFF42-EADD-3A5C-9EF9-A778C90C6679} = {759CFF42-EADD-3A5C-9EF9-A778C90C6679}
		{2C0FDDEA-4648-3071-A226-80AC62BD4DFE} = {2C0FDDEA-4648-3071-A226-80AC62BD4DFE}
	EndProjectSection
EndProject
Project("{8BC9CEB8-8B4A-11D0-8D11-00A0C91BC942}") = "INSTALL", "INSTALL.vcxproj", "{6223D969-3D72-37F5-AB69-AFD0F4A4C25E}"
	ProjectSection(ProjectDependencies) = postProject
		{9CC5139B-1CD2-30B1-9057-469E2DD00780} = {9CC5139B-1CD2-30B1-9057-469E2DD00780}
		{96AC0B81-393A-3B80-9609-2B2891F416E1} = {96AC0B81-393A-3B80-9609-2B2891F416E1}
	EndProjectSection
EndProject
Project("{8BC9CEB8-8B4A-11D0-8D11-00A0C91BC942}") = "ZERO_CHECK", "ZERO_CHECK.vcxproj", "{96AC0B81-393A-3B80-9609-2B2891F416E1}"
	ProjectSection(ProjectDependencies) = postProject
	EndProjectSection
EndProject
Project("{8BC9CEB8-8B4A-11D0-8D11-00A0C91BC942}") = "afl-analyze", "afl-analyze.vcxproj", "{1DD53B1F-A7E5-38E3-8052-D63E540A7B49}"
	ProjectSection(ProjectDependencies) = postProject
		{96AC0B81-393A-3B80-9609-2B2891F416E1} = {96AC0B81-393A-3B80-9609-2B2891F416E1}
	EndProjectSection
EndProject
Project("{8BC9CEB8-8B4A-11D0-8D11-00A0C91BC942}") = "afl-fuzz", "afl-fuzz.vcxproj", "{F79D4830-C1F7-34D8-A3A7-B7EAC4FEB3F6}"
	ProjectSection(ProjectDependencies) = postProject
		{96AC0B81-393A-3B80-9609-2B2891F416E1} = {96AC0B81-393A-3B80-9609-2B2891F416E1}
	EndProjectSection
EndProject
Project("{8BC9CEB8-8B4A-11D0-8D11-00A0C91BC942}") = "afl-showmap", "afl-showmap.vcxproj", "{59EF30AB-748A-30EC-8E1A-578BFE7B9A65}"
	ProjectSection(ProjectDependencies) = postProject
		{96AC0B81-393A-3B80-9609-2B2891F416E1} = {96AC0B81-393A-3B80-9609-2B2891F416E1}
	EndProjectSection
EndProject
Project("{8BC9CEB8-8B4A-11D0-8D11-00A0C91BC942}") = "afl-tmin", "afl-tmin.vcxproj", "{ECF5488E-C3B3-3C8F-9F50-459D845855B1}"
	ProjectSection(ProjectDependencies) = postProject
		{96AC0B81-393A-3B80-9609-2B2891F416E1} = {96AC0B81-393A-3B80-9609-2B2891F416E1}
	EndProjectSection
EndProject
Project("{8BC9CEB8-8B4A-11D0-8D11-00A0C91BC942}") = "custom_net_fuzzer", "custom_net_fuzzer.vcxproj", "{FD8BC3E8-A8FC-3E5A-92B1-0C1CAFDF76E5}"
	ProjectSection(ProjectDependencies) = postProject
		{96AC0B81-393A-3B80-9609-2B2891F416E1} = {96AC0B81-393A-3B80-9609-2B2891F416E1}
	EndProjectSection
EndProject
Project("{8BC9CEB8-8B4A-11D0-8D11-00A0C91BC942}") = "custom_winafl_server", "custom_winafl_server.vcxproj", "{F83AD28B-A3D5-35C9-A87F-16BF28B429CF}"
	ProjectSection(ProjectDependencies) = postProject
		{96AC0B81-393A-3B80-9609-2B2891F416E1} = {96AC0B81-393A-3B80-9609-2B2891F416E1}
	EndProjectSection
EndProject
Project("{8BC9CEB8-8B4A-11D0-8D11-00A0C91BC942}") = "libipt", "third_party\processor-trace\libipt\libipt.vcxproj", "{F9292CC2-71E4-3548-96D7-6412994A8BA0}"
	ProjectSection(ProjectDependencies) = postProject
		{96AC0B81-393A-3B80-9609-2B2891F416E1} = {96AC0B81-393A-3B80-9609-2B2891F416E1}
	EndProjectSection
EndProject
Project("{8BC9CEB8-8B4A-11D0-8D11-00A0C91BC942}") = "test", "test.vcxproj", "{2C373447-DF12-3623-A6A4-F3F8ECF56F47}"
	ProjectSection(ProjectDependencies) = postProject
		{96AC0B81-393A-3B80-9609-2B2891F416E1} = {96AC0B81-393A-3B80-9609-2B2891F416E1}
	EndProjectSection
EndProject
Project("{8BC9CEB8-8B4A-11D0-8D11-00A0C91BC942}") = "test_gdiplus", "test_gdiplus.vcxproj", "{9373301C-8990-3CF8-A20F-2B9A11AE90E5}"
	ProjectSection(ProjectDependencies) = postProject
		{96AC0B81-393A-3B80-9609-2B2891F416E1} = {96AC0B81-393A-3B80-9609-2B2891F416E1}
	EndProjectSection
EndProject
Project("{8BC9CEB8-8B4A-11D0-8D11-00A0C91BC942}") = "test_netmode", "test_netmode.vcxproj", "{CAE92184-8D4C-3211-B3C3-BE686CFAA568}"
	ProjectSection(ProjectDependencies) = postProject
		{96AC0B81-393A-3B80-9609-2B2891F416E1} = {96AC0B81-393A-3B80-9609-2B2891F416E1}
	EndProjectSection
EndProject
Project("{8BC9CEB8-8B4A-11D0-8D11-00A0C91BC942}") = "test_servermode", "test_servermode.vcxproj", "{D5E57B43-A5BD-3F5C-90D0-E580FEE00805}"
	ProjectSection(ProjectDependencies) = postProject
		{96AC0B81-393A-3B80-9609-2B2891F416E1} = {96AC0B81-393A-3B80-9609-2B2891F416E1}
	EndProjectSection
EndProject
Project("{8BC9CEB8-8B4A-11D0-8D11-00A0C91BC942}") = "test_static", "test_static.vcxproj", "{759CFF42-EADD-3A5C-9EF9-A778C90C6679}"
	ProjectSection(ProjectDependencies) = postProject
		{96AC0B81-393A-3B80-9609-2B2891F416E1} = {96AC0B81-393A-3B80-9609-2B2891F416E1}
	EndProjectSection
EndProject
Project("{8BC9CEB8-8B4A-11D0-8D11-00A0C91BC942}") = "winafl", "winafl.vcxproj", "{2C0FDDEA-4648-3071-A226-80AC62BD4DFE}"
	ProjectSection(ProjectDependencies) = postProject
		{96AC0B81-393A-3B80-9609-2B2891F416E1} = {96AC0B81-393A-3B80-9609-2B2891F416E1}
	EndProjectSection
EndProject
Global
	GlobalSection(SolutionConfigurationPlatforms) = preSolution
		Debug|Win32 = Debug|Win32
		Release|Win32 = Release|Win32
		MinSizeRel|Win32 = MinSizeRel|Win32
		RelWithDebInfo|Win32 = RelWithDebInfo|Win32
	EndGlobalSection
	GlobalSection(ProjectConfigurationPlatforms) = postSolution
		{9CC5139B-1CD2-30B1-9057-469E2DD00780}.Debug|Win32.ActiveCfg = Debug|Win32
		{9CC5139B-1CD2-30B1-9057-469E2DD00780}.Debug|Win32.Build.0 = Debug|Win32
		{9CC5139B-1CD2-30B1-9057-469E2DD00780}.Release|Win32.ActiveCfg = Release|Win32
		{9CC5139B-1CD2-30B1-9057-469E2DD00780}.Release|Win32.Build.0 = Release|Win32
		{9CC5139B-1CD2-30B1-9057-469E2DD00780}.MinSizeRel|Win32.ActiveCfg = MinSizeRel|Win32
		{9CC5139B-1CD2-30B1-9057-469E2DD00780}.MinSizeRel|Win32.Build.0 = MinSizeRel|Win32
		{9CC5139B-1CD2-30B1-9057-469E2DD00780}.RelWithDebInfo|Win32.ActiveCfg = RelWithDebInfo|Win32
		{9CC5139B-1CD2-30B1-9057-469E2DD00780}.RelWithDebInfo|Win32.Build.0 = RelWithDebInfo|Win32
		{6223D969-3D72-37F5-AB69-AFD0F4A4C25E}.Debug|Win32.ActiveCfg = Debug|Win32
		{6223D969-3D72-37F5-AB69-AFD0F4A4C25E}.Release|Win32.ActiveCfg = Release|Win32
		{6223D969-3D72-37F5-AB69-AFD0F4A4C25E}.MinSizeRel|Win32.ActiveCfg = MinSizeRel|Win32
		{6223D969-3D72-37F5-AB69-AFD0F4A4C25E}.RelWithDebInfo|Win32.ActiveCfg = RelWithDebInfo|Win32
		{96AC0B81-393A-3B80-9609-2B2891F416E1}.Debug|Win32.ActiveCfg = Debug|Win32
		{96AC0B81-393A-3B80-9609-2B2891F416E1}.Debug|Win32.Build.0 = Debug|Win32
		{96AC0B81-393A-3B80-9609-2B2891F416E1}.Release|Win32.ActiveCfg = Release|Win32
		{96AC0B81-393A-3B80-9609-2B2891F416E1}.Release|Win32.Build.0 = Release|Win32
		{96AC0B81-393A-3B80-9609-2B2891F416E1}.MinSizeRel|Win32.ActiveCfg = MinSizeRel|Win32
		{96AC0B81-393A-3B80-9609-2B2891F416E1}.MinSizeRel|Win32.Build.0 = MinSizeRel|Win32
		{96AC0B81-393A-3B80-9609-2B2891F416E1}.RelWithDebInfo|Win32.ActiveCfg = RelWithDebInfo|Win32
		{96AC0B81-393A-3B80-9609-2B2891F416E1}.RelWithDebInfo|Win32.Build.0 = RelWithDebInfo|Win32
		{1DD53B1F-A7E5-38E3-8052-D63E540A7B49}.Debug|Win32.ActiveCfg = Debug|Win32
		{1DD53B1F-A7E5-38E3-8052-D63E540A7B49}.Debug|Win32.Build.0 = Debug|Win32
		{1DD53B1F-A7E5-38E3-8052-D63E540A7B49}.Release|Win32.ActiveCfg = Release|Win32
		{1DD53B1F-A7E5-38E3-8052-D63E540A7B49}.Release|Win32.Build.0 = Release|Win32
		{1DD53B1F-A7E5-38E3-8052-D63E540A7B49}.MinSizeRel|Win32.ActiveCfg = MinSizeRel|Win32
		{1DD53B1F-A7E5-38E3-8052-D63E540A7B49}.MinSizeRel|Win32.Build.0 = MinSizeRel|Win32
		{1DD53B1F-A7E5-38E3-8052-D63E540A7B49}.RelWithDebInfo|Win32.ActiveCfg = RelWithDebInfo|Win32
		{1DD53B1F-A7E5-38E3-8052-D63E540A7B49}.RelWithDebInfo|Win32.Build.0 = RelWithDebInfo|Win32
		{F79D4830-C1F7-34D8-A3A7-B7EAC4FEB3F6}.Debug|Win32.ActiveCfg = Debug|Win32
		{F79D4830-C1F7-34D8-A3A7-B7EAC4FEB3F6}.Debug|Win32.Build.0 = Debug|Win32
		{F79D4830-C1F7-34D8-A3A7-B7EAC4FEB3F6}.Release|Win32.ActiveCfg = Release|Win32
		{F79D4830-C1F7-34D8-A3A7-B7EAC4FEB3F6}.Release|Win32.Build.0 = Release|Win32
		{F79D4830-C1F7-34D8-A3A7-B7EAC4FEB3F6}.MinSizeRel|Win32.ActiveCfg = MinSizeRel|Win32
		{F79D4830-C1F7-34D8-A3A7-B7EAC4FEB3F6}.MinSizeRel|Win32.Build.0 = MinSizeRel|Win32
		{F79D4830-C1F7-34D8-A3A7-B7EAC4FEB3F6}.RelWithDebInfo|Win32.ActiveCfg = RelWithDebInfo|Win32
		{F79D4830-C1F7-34D8-A3A7-B7EAC4FEB3F6}.RelWithDebInfo|Win32.Build.0 = RelWithDebInfo|Win32
		{59EF30AB-748A-30EC-8E1A-578BFE7B9A65}.Debug|Win32.ActiveCfg = Debug|Win32
		{59EF30AB-748A-30EC-8E1A-578BFE7B9A65}.Debug|Win32.Build.0 = Debug|Win32
		{59EF30AB-748A-30EC-8E1A-578BFE7B9A65}.Release|Win32.ActiveCfg = Release|Win32
		{59EF30AB-748A-30EC-8E1A-578BFE7B9A65}.Release|Win32.Build.0 = Release|Win32
		{59EF30AB-748A-30EC-8E1A-578BFE7B9A65}.MinSizeRel|Win32.ActiveCfg = MinSizeRel|Win32
		{59EF30AB-748A-30EC-8E1A-578BFE7B9A65}.MinSizeRel|Win32.Build.0 = MinSizeRel|Win32
		{59EF30AB-748A-30EC-8E1A-578BFE7B9A65}.RelWithDebInfo|Win32.ActiveCfg = RelWithDebInfo|Win32
		{59EF30AB-748A-30EC-8E1A-578BFE7B9A65}.RelWithDebInfo|Win32.Build.0 = RelWithDebInfo|Win32
		{ECF5488E-C3B3-3C8F-9F50-459D845855B1}.Debug|Win32.ActiveCfg = Debug|Win32
		{ECF5488E-C3B3-3C8F-9F50-459D845855B1}.Debug|Win32.Build.0 = Debug|Win32
		{ECF5488E-C3B3-3C8F-9F50-459D845855B1}.Release|Win32.ActiveCfg = Release|Win32
		{ECF5488E-C3B3-3C8F-9F50-459D845855B1}.Release|Win32.Build.0 = Release|Win32
		{ECF5488E-C3B3-3C8F-9F50-459D845855B1}.MinSizeRel|Win32.ActiveCfg = MinSizeRel|Win32
		{ECF5488E-C3B3-3C8F-9F50-459D845855B1}.MinSizeRel|Win32.Build.0 = MinSizeRel|Win32
		{ECF5488E-C3B3-3C8F-9F50-459D845855B1}.RelWithDebInfo|Win32.ActiveCfg = RelWithDebInfo|Win32
		{ECF5488E-C3B3-3C8F-9F50-459D845855B1}.RelWithDebInfo|Win32.Build.0 = RelWithDebInfo|Win32
		{FD8BC3E8-A8FC-3E5A-92B1-0C1CAFDF76E5}.Debug|Win32.ActiveCfg = Debug|Win32
		{FD8BC3E8-A8FC-3E5A-92B1-0C1CAFDF76E5}.Debug|Win32.Build.0 = Debug|Win32
		{FD8BC3E8-A8FC-3E5A-92B1-0C1CAFDF76E5}.Release|Win32.ActiveCfg = Release|Win32
		{FD8BC3E8-A8FC-3E5A-92B1-0C1CAFDF76E5}.Release|Win32.Build.0 = Release|Win32
		{FD8BC3E8-A8FC-3E5A-92B1-0C1CAFDF76E5}.MinSizeRel|Win32.ActiveCfg = MinSizeRel|Win32
		{FD8BC3E8-A8FC-3E5A-92B1-0C1CAFDF76E5}.MinSizeRel|Win32.Build.0 = MinSizeRel|Win32
		{FD8BC3E8-A8FC-3E5A-92B1-0C1CAFDF76E5}.RelWithDebInfo|Win32.ActiveCfg = RelWithDebInfo|Win32
		{FD8BC3E8-A8FC-3E5A-92B1-0C1CAFDF76E5}.RelWithDebInfo|Win32.Build.0 = RelWithDebInfo|Win32
		{F83AD28B-A3D5-35C9-A87F-16BF28B429CF}.Debug|Win32.ActiveCfg = Debug|Win32
		{F83AD28B-A3D5-35C9-A87F-16BF28B429CF}.Debug|Win32.Build.0 = Debug|Win32
		{F83AD28B-A3D5-35C9-A87F-16BF28B429CF}.Release|Win32.ActiveCfg = Release|Win32
		{F83AD28B-A3D5-35C9-A87F-16BF28B429CF}.Release|Win32.Build.0 = Release|Win32
		{F83AD28B-A3D5-35C9-A87F-16BF28B429CF}.MinSizeRel|Win32.ActiveCfg = MinSizeRel|Win32
		{F83AD28B-A3D5-35C9-A87F-16BF28B429CF}.MinSizeRel|Win32.Build.0 = MinSizeRel|Win32
		{F83AD28B-A3D5-35C9-A87F-16BF28B429CF}.RelWithDebInfo|Win32.ActiveCfg = RelWithDebInfo|Win32
		{F83AD28B-A3D5-35C9-A87F-16BF28B429CF}.RelWithDebInfo|Win32.Build.0 = RelWithDebInfo|Win32
		{F9292CC2-71E4-3548-96D7-6412994A8BA0}.Debug|Win32.ActiveCfg = Debug|Win32
		{F9292CC2-71E4-3548-96D7-6412994A8BA0}.Debug|Win32.Build.0 = Debug|Win32
		{F9292CC2-71E4-3548-96D7-6412994A8BA0}.Release|Win32.ActiveCfg = Release|Win32
		{F9292CC2-71E4-3548-96D7-6412994A8BA0}.Release|Win32.Build.0 = Release|Win32
		{F9292CC2-71E4-3548-96D7-6412994A8BA0}.MinSizeRel|Win32.ActiveCfg = MinSizeRel|Win32
		{F9292CC2-71E4-3548-96D7-6412994A8BA0}.MinSizeRel|Win32.Build.0 = MinSizeRel|Win32
		{F9292CC2-71E4-3548-96D7-6412994A8BA0}.RelWithDebInfo|Win32.ActiveCfg = RelWithDebInfo|Win32
		{F9292CC2-71E4-3548-96D7-6412994A8BA0}.RelWithDebInfo|Win32.Build.0 = RelWithDebInfo|Win32
		{2C373447-DF12-3623-A6A4-F3F8ECF56F47}.Debug|Win32.ActiveCfg = Debug|Win32
		{2C373447-DF12-3623-A6A4-F3F8ECF56F47}.Debug|Win32.Build.0 = Debug|Win32
		{2C373447-DF12-3623-A6A4-F3F8ECF56F47}.Release|Win32.ActiveCfg = Release|Win32
		{2C373447-DF12-3623-A6A4-F3F8ECF56F47}.Release|Win32.Build.0 = Release|Win32
		{2C373447-DF12-3623-A6A4-F3F8ECF56F47}.MinSizeRel|Win32.ActiveCfg = MinSizeRel|Win32
		{2C373447-DF12-3623-A6A4-F3F8ECF56F47}.MinSizeRel|Win32.Build.0 = MinSizeRel|Win32
		{2C373447-DF12-3623-A6A4-F3F8ECF56F47}.RelWithDebInfo|Win32.ActiveCfg = RelWithDebInfo|Win32
		{2C373447-DF12-3623-A6A4-F3F8ECF56F47}.RelWithDebInfo|Win32.Build.0 = RelWithDebInfo|Win32
		{9373301C-8990-3CF8-A20F-2B9A11AE90E5}.Debug|Win32.ActiveCfg = Debug|Win32
		{9373301C-8990-3CF8-A20F-2B9A11AE90E5}.Debug|Win32.Build.0 = Debug|Win32
		{9373301C-8990-3CF8-A20F-2B9A11AE90E5}.Release|Win32.ActiveCfg = Release|Win32
		{9373301C-8990-3CF8-A20F-2B9A11AE90E5}.Release|Win32.Build.0 = Release|Win32
		{9373301C-8990-3CF8-A20F-2B9A11AE90E5}.MinSizeRel|Win32.ActiveCfg = MinSizeRel|Win32
		{9373301C-8990-3CF8-A20F-2B9A11AE90E5}.MinSizeRel|Win32.Build.0 = MinSizeRel|Win32
		{9373301C-8990-3CF8-A20F-2B9A11AE90E5}.RelWithDebInfo|Win32.ActiveCfg = RelWithDebInfo|Win32
		{9373301C-8990-3CF8-A20F-2B9A11AE90E5}.RelWithDebInfo|Win32.Build.0 = RelWithDebInfo|Win32
		{CAE92184-8D4C-3211-B3C3-BE686CFAA568}.Debug|Win32.ActiveCfg = Debug|Win32
		{CAE92184-8D4C-3211-B3C3-BE686CFAA568}.Debug|Win32.Build.0 = Debug|Win32
		{CAE92184-8D4C-3211-B3C3-BE686CFAA568}.Release|Win32.ActiveCfg = Release|Win32
		{CAE92184-8D4C-3211-B3C3-BE686CFAA568}.Release|Win32.Build.0 = Release|Win32
		{CAE92184-8D4C-3211-B3C3-BE686CFAA568}.MinSizeRel|Win32.ActiveCfg = MinSizeRel|Win32
		{CAE92184-8D4C-3211-B3C3-BE686CFAA568}.MinSizeRel|Win32.Build.0 = MinSizeRel|Win32
		{CAE92184-8D4C-3211-B3C3-BE686CFAA568}.RelWithDebInfo|Win32.ActiveCfg = RelWithDebInfo|Win32
		{CAE92184-8D4C-3211-B3C3-BE686CFAA568}.RelWithDebInfo|Win32.Build.0 = RelWithDebInfo|Win32
		{D5E57B43-A5BD-3F5C-90D0-E580FEE00805}.Debug|Win32.ActiveCfg = Debug|Win32
		{D5E57B43-A5BD-3F5C-90D0-E580FEE00805}.Debug|Win32.Build.0 = Debug|Win32
		{D5E57B43-A5BD-3F5C-90D0-E580FEE00805}.Release|Win32.ActiveCfg = Release|Win32
		{D5E57B43-A5BD-3F5C-90D0-E580FEE00805}.Release|Win32.Build.0 = Release|Win32
		{D5E57B43-A5BD-3F5C-90D0-E580FEE00805}.MinSizeRel|Win32.ActiveCfg = MinSizeRel|Win32
		{D5E57B43-A5BD-3F5C-90D0-E580FEE00805}.MinSizeRel|Win32.Build.0 = MinSizeRel|Win32
		{D5E57B43-A5BD-3F5C-90D0-E580FEE00805}.RelWithDebInfo|Win32.ActiveCfg = RelWithDebInfo|Win32
		{D5E57B43-A5BD-3F5C-90D0-E580FEE00805}.RelWithDebInfo|Win32.Build.0 = RelWithDebInfo|Win32
		{759CFF42-EADD-3A5C-9EF9-A778C90C6679}.Debug|Win32.ActiveCfg = Debug|Win32
		{759CFF42-EADD-3A5C-9EF9-A778C90C6679}.Debug|Win32.Build.0 = Debug|Win32
		{759CFF42-EADD-3A5C-9EF9-A778C90C6679}.Release|Win32.ActiveCfg = Release|Win32
		{759CFF42-EADD-3A5C-9EF9-A778C90C6679}.Release|Win32.Build.0 = Release|Win32
		{759CFF42-EADD-3A5C-9EF9-A778C90C6679}.MinSizeRel|Win32.ActiveCfg = MinSizeRel|Win32
		{759CFF42-EADD-3A5C-9EF9-A778C90C6679}.MinSizeRel|Win32.Build.0 = MinSizeRel|Win32
		{759CFF42-EADD-3A5C-9EF9-A778C90C6679}.RelWithDebInfo|Win32.ActiveCfg = RelWithDebInfo|Win32
		{759CFF42-EADD-3A5C-9EF9-A778C90C6679}.RelWithDebInfo|Win32.Build.0 = RelWithDebInfo|Win32
		{2C0FDDEA-4648-3071-A226-80AC62BD4DFE}.Debug|Win32.ActiveCfg = Debug|Win32
		{2C0FDDEA-4648-3071-A226-80AC62BD4DFE}.Debug|Win32.Build.0 = Debug|Win32
		{2C0FDDEA-4648-3071-A226-80AC62BD4DFE}.Release|Win32.ActiveCfg = Release|Win32
		{2C0FDDEA-4648-3071-A226-80AC62BD4DFE}.Release|Win32.Build.0 = Release|Win32
		{2C0FDDEA-4648-3071-A226-80AC62BD4DFE}.MinSizeRel|Win32.ActiveCfg = MinSizeRel|Win32
		{2C0FDDEA-4648-3071-A226-80AC62BD4DFE}.MinSizeRel|Win32.Build.0 = MinSizeRel|Win32
		{2C0FDDEA-4648-3071-A226-80AC62BD4DFE}.RelWithDebInfo|Win32.ActiveCfg = RelWithDebInfo|Win32
		{2C0FDDEA-4648-3071-A226-80AC62BD4DFE}.RelWithDebInfo|Win32.Build.0 = RelWithDebInfo|Win32
	EndGlobalSection
	GlobalSection(ExtensibilityGlobals) = postSolution
		SolutionGuid = {7B5E7EC3-D7E1-38BF-A215-E644B0CAB903}
	EndGlobalSection
	GlobalSection(ExtensibilityAddIns) = postSolution
	EndGlobalSection
EndGlobal
