Microsoft Visual Studio Solution File, Format Version 12.00
# Visual Studio 15
Project("{8BC9CEB8-8B4A-11D0-8D11-00A0C91BC942}") = "ALL_BUILD", "ALL_BUILD.vcxproj", "{40104B18-4573-3CEC-BA37-33C9BFA8754D}"
	ProjectSection(ProjectDependencies) = postProject
		{36CA467F-E1E8-383D-850A-A12B4DA5C1F6} = {36CA467F-E1E8-383D-850A-A12B4DA5C1F6}
		{0B9AF8AF-B571-3949-8D8E-C296BA2B41EA} = {0B9AF8AF-B571-3949-8D8E-C296BA2B41EA}
		{FB018513-489F-3393-808F-C797F5BA5277} = {FB018513-489F-3393-808F-C797F5BA5277}
		{27FBBFF8-1302-3EC6-B684-6D381DE77F2D} = {27FBBFF8-1302-3EC6-B684-6D381DE77F2D}
		{44221904-A0D1-34BE-BB0A-F9D7A5B8763B} = {44221904-A0D1-34BE-BB0A-F9D7A5B8763B}
		{1D2A56CF-CA35-3181-A00B-9AEA8B59501D} = {1D2A56CF-CA35-3181-A00B-9AEA8B59501D}
		{E9BD678C-9E7C-3F20-8C10-A306F5D78C82} = {E9BD678C-9E7C-3F20-8C10-A306F5D78C82}
		{35542D3E-667D-349A-BA74-08141FA8E7A8} = {35542D3E-667D-349A-BA74-08141FA8E7A8}
		{4163B6F9-C8AA-3BA5-8AEF-A5D9E946BC46} = {4163B6F9-C8AA-3BA5-8AEF-A5D9E946BC46}
		{147506C9-4E4C-311B-869A-EE8BB55B055D} = {147506C9-4E4C-311B-869A-EE8BB55B055D}
		{9E5DB51B-F182-3886-9695-354AAC1C6764} = {9E5DB51B-F182-3886-9695-354AAC1C6764}
		{E175FFAE-8764-316A-98F3-69B52E98E2B8} = {E175FFAE-8764-316A-98F3-69B52E98E2B8}
		{3B6D729B-8421-32A4-AB9F-D99FD6ADF14D} = {3B6D729B-8421-32A4-AB9F-D99FD6ADF14D}
	EndProjectSection
EndProject
Project("{8BC9CEB8-8B4A-11D0-8D11-00A0C91BC942}") = "INSTALL", "INSTALL.vcxproj", "{7CD9ECCA-D7E7-3E96-B8B4-7452C38FC8F4}"
	ProjectSection(ProjectDependencies) = postProject
		{40104B18-4573-3CEC-BA37-33C9BFA8754D} = {40104B18-4573-3CEC-BA37-33C9BFA8754D}
		{36CA467F-E1E8-383D-850A-A12B4DA5C1F6} = {36CA467F-E1E8-383D-850A-A12B4DA5C1F6}
	EndProjectSection
EndProject
Project("{8BC9CEB8-8B4A-11D0-8D11-00A0C91BC942}") = "ZERO_CHECK", "ZERO_CHECK.vcxproj", "{36CA467F-E1E8-383D-850A-A12B4DA5C1F6}"
	ProjectSection(ProjectDependencies) = postProject
	EndProjectSection
EndProject
Project("{8BC9CEB8-8B4A-11D0-8D11-00A0C91BC942}") = "afl-analyze", "afl-analyze.vcxproj", "{0B9AF8AF-B571-3949-8D8E-C296BA2B41EA}"
	ProjectSection(ProjectDependencies) = postProject
		{36CA467F-E1E8-383D-850A-A12B4DA5C1F6} = {36CA467F-E1E8-383D-850A-A12B4DA5C1F6}
	EndProjectSection
EndProject
Project("{8BC9CEB8-8B4A-11D0-8D11-00A0C91BC942}") = "afl-fuzz", "afl-fuzz.vcxproj", "{FB018513-489F-3393-808F-C797F5BA5277}"
	ProjectSection(ProjectDependencies) = postProject
		{36CA467F-E1E8-383D-850A-A12B4DA5C1F6} = {36CA467F-E1E8-383D-850A-A12B4DA5C1F6}
	EndProjectSection
EndProject
Project("{8BC9CEB8-8B4A-11D0-8D11-00A0C91BC942}") = "afl-showmap", "afl-showmap.vcxproj", "{27FBBFF8-1302-3EC6-B684-6D381DE77F2D}"
	ProjectSection(ProjectDependencies) = postProject
		{36CA467F-E1E8-383D-850A-A12B4DA5C1F6} = {36CA467F-E1E8-383D-850A-A12B4DA5C1F6}
	EndProjectSection
EndProject
Project("{8BC9CEB8-8B4A-11D0-8D11-00A0C91BC942}") = "afl-tmin", "afl-tmin.vcxproj", "{44221904-A0D1-34BE-BB0A-F9D7A5B8763B}"
	ProjectSection(ProjectDependencies) = postProject
		{36CA467F-E1E8-383D-850A-A12B4DA5C1F6} = {36CA467F-E1E8-383D-850A-A12B4DA5C1F6}
	EndProjectSection
EndProject
Project("{8BC9CEB8-8B4A-11D0-8D11-00A0C91BC942}") = "custom_net_fuzzer", "custom_net_fuzzer.vcxproj", "{1D2A56CF-CA35-3181-A00B-9AEA8B59501D}"
	ProjectSection(ProjectDependencies) = postProject
		{36CA467F-E1E8-383D-850A-A12B4DA5C1F6} = {36CA467F-E1E8-383D-850A-A12B4DA5C1F6}
	EndProjectSection
EndProject
Project("{8BC9CEB8-8B4A-11D0-8D11-00A0C91BC942}") = "custom_winafl_server", "custom_winafl_server.vcxproj", "{E9BD678C-9E7C-3F20-8C10-A306F5D78C82}"
	ProjectSection(ProjectDependencies) = postProject
		{36CA467F-E1E8-383D-850A-A12B4DA5C1F6} = {36CA467F-E1E8-383D-850A-A12B4DA5C1F6}
	EndProjectSection
EndProject
Project("{8BC9CEB8-8B4A-11D0-8D11-00A0C91BC942}") = "libipt", "third_party\processor-trace\libipt\libipt.vcxproj", "{35542D3E-667D-349A-BA74-08141FA8E7A8}"
	ProjectSection(ProjectDependencies) = postProject
		{36CA467F-E1E8-383D-850A-A12B4DA5C1F6} = {36CA467F-E1E8-383D-850A-A12B4DA5C1F6}
	EndProjectSection
EndProject
Project("{8BC9CEB8-8B4A-11D0-8D11-00A0C91BC942}") = "test", "test.vcxproj", "{4163B6F9-C8AA-3BA5-8AEF-A5D9E946BC46}"
	ProjectSection(ProjectDependencies) = postProject
		{36CA467F-E1E8-383D-850A-A12B4DA5C1F6} = {36CA467F-E1E8-383D-850A-A12B4DA5C1F6}
	EndProjectSection
EndProject
Project("{8BC9CEB8-8B4A-11D0-8D11-00A0C91BC942}") = "test_gdiplus", "test_gdiplus.vcxproj", "{147506C9-4E4C-311B-869A-EE8BB55B055D}"
	ProjectSection(ProjectDependencies) = postProject
		{36CA467F-E1E8-383D-850A-A12B4DA5C1F6} = {36CA467F-E1E8-383D-850A-A12B4DA5C1F6}
	EndProjectSection
EndProject
Project("{8BC9CEB8-8B4A-11D0-8D11-00A0C91BC942}") = "test_netmode", "test_netmode.vcxproj", "{9E5DB51B-F182-3886-9695-354AAC1C6764}"
	ProjectSection(ProjectDependencies) = postProject
		{36CA467F-E1E8-383D-850A-A12B4DA5C1F6} = {36CA467F-E1E8-383D-850A-A12B4DA5C1F6}
	EndProjectSection
EndProject
Project("{8BC9CEB8-8B4A-11D0-8D11-00A0C91BC942}") = "test_servermode", "test_servermode.vcxproj", "{E175FFAE-8764-316A-98F3-69B52E98E2B8}"
	ProjectSection(ProjectDependencies) = postProject
		{36CA467F-E1E8-383D-850A-A12B4DA5C1F6} = {36CA467F-E1E8-383D-850A-A12B4DA5C1F6}
	EndProjectSection
EndProject
Project("{8BC9CEB8-8B4A-11D0-8D11-00A0C91BC942}") = "winafl", "winafl.vcxproj", "{3B6D729B-8421-32A4-AB9F-D99FD6ADF14D}"
	ProjectSection(ProjectDependencies) = postProject
		{36CA467F-E1E8-383D-850A-A12B4DA5C1F6} = {36CA467F-E1E8-383D-850A-A12B4DA5C1F6}
	EndProjectSection
EndProject
Global
	GlobalSection(SolutionConfigurationPlatforms) = preSolution
		Debug|x64 = Debug|x64
		Release|x64 = Release|x64
		MinSizeRel|x64 = MinSizeRel|x64
		RelWithDebInfo|x64 = RelWithDebInfo|x64
	EndGlobalSection
	GlobalSection(ProjectConfigurationPlatforms) = postSolution
		{40104B18-4573-3CEC-BA37-33C9BFA8754D}.Debug|x64.ActiveCfg = Debug|x64
		{40104B18-4573-3CEC-BA37-33C9BFA8754D}.Debug|x64.Build.0 = Debug|x64
		{40104B18-4573-3CEC-BA37-33C9BFA8754D}.Release|x64.ActiveCfg = Release|x64
		{40104B18-4573-3CEC-BA37-33C9BFA8754D}.Release|x64.Build.0 = Release|x64
		{40104B18-4573-3CEC-BA37-33C9BFA8754D}.MinSizeRel|x64.ActiveCfg = MinSizeRel|x64
		{40104B18-4573-3CEC-BA37-33C9BFA8754D}.MinSizeRel|x64.Build.0 = MinSizeRel|x64
		{40104B18-4573-3CEC-BA37-33C9BFA8754D}.RelWithDebInfo|x64.ActiveCfg = RelWithDebInfo|x64
		{40104B18-4573-3CEC-BA37-33C9BFA8754D}.RelWithDebInfo|x64.Build.0 = RelWithDebInfo|x64
		{7CD9ECCA-D7E7-3E96-B8B4-7452C38FC8F4}.Debug|x64.ActiveCfg = Debug|x64
		{7CD9ECCA-D7E7-3E96-B8B4-7452C38FC8F4}.Release|x64.ActiveCfg = Release|x64
		{7CD9ECCA-D7E7-3E96-B8B4-7452C38FC8F4}.MinSizeRel|x64.ActiveCfg = MinSizeRel|x64
		{7CD9ECCA-D7E7-3E96-B8B4-7452C38FC8F4}.RelWithDebInfo|x64.ActiveCfg = RelWithDebInfo|x64
		{36CA467F-E1E8-383D-850A-A12B4DA5C1F6}.Debug|x64.ActiveCfg = Debug|x64
		{36CA467F-E1E8-383D-850A-A12B4DA5C1F6}.Debug|x64.Build.0 = Debug|x64
		{36CA467F-E1E8-383D-850A-A12B4DA5C1F6}.Release|x64.ActiveCfg = Release|x64
		{36CA467F-E1E8-383D-850A-A12B4DA5C1F6}.Release|x64.Build.0 = Release|x64
		{36CA467F-E1E8-383D-850A-A12B4DA5C1F6}.MinSizeRel|x64.ActiveCfg = MinSizeRel|x64
		{36CA467F-E1E8-383D-850A-A12B4DA5C1F6}.MinSizeRel|x64.Build.0 = MinSizeRel|x64
		{36CA467F-E1E8-383D-850A-A12B4DA5C1F6}.RelWithDebInfo|x64.ActiveCfg = RelWithDebInfo|x64
		{36CA467F-E1E8-383D-850A-A12B4DA5C1F6}.RelWithDebInfo|x64.Build.0 = RelWithDebInfo|x64
		{0B9AF8AF-B571-3949-8D8E-C296BA2B41EA}.Debug|x64.ActiveCfg = Debug|x64
		{0B9AF8AF-B571-3949-8D8E-C296BA2B41EA}.Debug|x64.Build.0 = Debug|x64
		{0B9AF8AF-B571-3949-8D8E-C296BA2B41EA}.Release|x64.ActiveCfg = Release|x64
		{0B9AF8AF-B571-3949-8D8E-C296BA2B41EA}.Release|x64.Build.0 = Release|x64
		{0B9AF8AF-B571-3949-8D8E-C296BA2B41EA}.MinSizeRel|x64.ActiveCfg = MinSizeRel|x64
		{0B9AF8AF-B571-3949-8D8E-C296BA2B41EA}.MinSizeRel|x64.Build.0 = MinSizeRel|x64
		{0B9AF8AF-B571-3949-8D8E-C296BA2B41EA}.RelWithDebInfo|x64.ActiveCfg = RelWithDebInfo|x64
		{0B9AF8AF-B571-3949-8D8E-C296BA2B41EA}.RelWithDebInfo|x64.Build.0 = RelWithDebInfo|x64
		{FB018513-489F-3393-808F-C797F5BA5277}.Debug|x64.ActiveCfg = Debug|x64
		{FB018513-489F-3393-808F-C797F5BA5277}.Debug|x64.Build.0 = Debug|x64
		{FB018513-489F-3393-808F-C797F5BA5277}.Release|x64.ActiveCfg = Release|x64
		{FB018513-489F-3393-808F-C797F5BA5277}.Release|x64.Build.0 = Release|x64
		{FB018513-489F-3393-808F-C797F5BA5277}.MinSizeRel|x64.ActiveCfg = MinSizeRel|x64
		{FB018513-489F-3393-808F-C797F5BA5277}.MinSizeRel|x64.Build.0 = MinSizeRel|x64
		{FB018513-489F-3393-808F-C797F5BA5277}.RelWithDebInfo|x64.ActiveCfg = RelWithDebInfo|x64
		{FB018513-489F-3393-808F-C797F5BA5277}.RelWithDebInfo|x64.Build.0 = RelWithDebInfo|x64
		{27FBBFF8-1302-3EC6-B684-6D381DE77F2D}.Debug|x64.ActiveCfg = Debug|x64
		{27FBBFF8-1302-3EC6-B684-6D381DE77F2D}.Debug|x64.Build.0 = Debug|x64
		{27FBBFF8-1302-3EC6-B684-6D381DE77F2D}.Release|x64.ActiveCfg = Release|x64
		{27FBBFF8-1302-3EC6-B684-6D381DE77F2D}.Release|x64.Build.0 = Release|x64
		{27FBBFF8-1302-3EC6-B684-6D381DE77F2D}.MinSizeRel|x64.ActiveCfg = MinSizeRel|x64
		{27FBBFF8-1302-3EC6-B684-6D381DE77F2D}.MinSizeRel|x64.Build.0 = MinSizeRel|x64
		{27FBBFF8-1302-3EC6-B684-6D381DE77F2D}.RelWithDebInfo|x64.ActiveCfg = RelWithDebInfo|x64
		{27FBBFF8-1302-3EC6-B684-6D381DE77F2D}.RelWithDebInfo|x64.Build.0 = RelWithDebInfo|x64
		{44221904-A0D1-34BE-BB0A-F9D7A5B8763B}.Debug|x64.ActiveCfg = Debug|x64
		{44221904-A0D1-34BE-BB0A-F9D7A5B8763B}.Debug|x64.Build.0 = Debug|x64
		{44221904-A0D1-34BE-BB0A-F9D7A5B8763B}.Release|x64.ActiveCfg = Release|x64
		{44221904-A0D1-34BE-BB0A-F9D7A5B8763B}.Release|x64.Build.0 = Release|x64
		{44221904-A0D1-34BE-BB0A-F9D7A5B8763B}.MinSizeRel|x64.ActiveCfg = MinSizeRel|x64
		{44221904-A0D1-34BE-BB0A-F9D7A5B8763B}.MinSizeRel|x64.Build.0 = MinSizeRel|x64
		{44221904-A0D1-34BE-BB0A-F9D7A5B8763B}.RelWithDebInfo|x64.ActiveCfg = RelWithDebInfo|x64
		{44221904-A0D1-34BE-BB0A-F9D7A5B8763B}.RelWithDebInfo|x64.Build.0 = RelWithDebInfo|x64
		{1D2A56CF-CA35-3181-A00B-9AEA8B59501D}.Debug|x64.ActiveCfg = Debug|x64
		{1D2A56CF-CA35-3181-A00B-9AEA8B59501D}.Debug|x64.Build.0 = Debug|x64
		{1D2A56CF-CA35-3181-A00B-9AEA8B59501D}.Release|x64.ActiveCfg = Release|x64
		{1D2A56CF-CA35-3181-A00B-9AEA8B59501D}.Release|x64.Build.0 = Release|x64
		{1D2A56CF-CA35-3181-A00B-9AEA8B59501D}.MinSizeRel|x64.ActiveCfg = MinSizeRel|x64
		{1D2A56CF-CA35-3181-A00B-9AEA8B59501D}.MinSizeRel|x64.Build.0 = MinSizeRel|x64
		{1D2A56CF-CA35-3181-A00B-9AEA8B59501D}.RelWithDebInfo|x64.ActiveCfg = RelWithDebInfo|x64
		{1D2A56CF-CA35-3181-A00B-9AEA8B59501D}.RelWithDebInfo|x64.Build.0 = RelWithDebInfo|x64
		{E9BD678C-9E7C-3F20-8C10-A306F5D78C82}.Debug|x64.ActiveCfg = Debug|x64
		{E9BD678C-9E7C-3F20-8C10-A306F5D78C82}.Debug|x64.Build.0 = Debug|x64
		{E9BD678C-9E7C-3F20-8C10-A306F5D78C82}.Release|x64.ActiveCfg = Release|x64
		{E9BD678C-9E7C-3F20-8C10-A306F5D78C82}.Release|x64.Build.0 = Release|x64
		{E9BD678C-9E7C-3F20-8C10-A306F5D78C82}.MinSizeRel|x64.ActiveCfg = MinSizeRel|x64
		{E9BD678C-9E7C-3F20-8C10-A306F5D78C82}.MinSizeRel|x64.Build.0 = MinSizeRel|x64
		{E9BD678C-9E7C-3F20-8C10-A306F5D78C82}.RelWithDebInfo|x64.ActiveCfg = RelWithDebInfo|x64
		{E9BD678C-9E7C-3F20-8C10-A306F5D78C82}.RelWithDebInfo|x64.Build.0 = RelWithDebInfo|x64
		{35542D3E-667D-349A-BA74-08141FA8E7A8}.Debug|x64.ActiveCfg = Debug|x64
		{35542D3E-667D-349A-BA74-08141FA8E7A8}.Debug|x64.Build.0 = Debug|x64
		{35542D3E-667D-349A-BA74-08141FA8E7A8}.Release|x64.ActiveCfg = Release|x64
		{35542D3E-667D-349A-BA74-08141FA8E7A8}.Release|x64.Build.0 = Release|x64
		{35542D3E-667D-349A-BA74-08141FA8E7A8}.MinSizeRel|x64.ActiveCfg = MinSizeRel|x64
		{35542D3E-667D-349A-BA74-08141FA8E7A8}.MinSizeRel|x64.Build.0 = MinSizeRel|x64
		{35542D3E-667D-349A-BA74-08141FA8E7A8}.RelWithDebInfo|x64.ActiveCfg = RelWithDebInfo|x64
		{35542D3E-667D-349A-BA74-08141FA8E7A8}.RelWithDebInfo|x64.Build.0 = RelWithDebInfo|x64
		{4163B6F9-C8AA-3BA5-8AEF-A5D9E946BC46}.Debug|x64.ActiveCfg = Debug|x64
		{4163B6F9-C8AA-3BA5-8AEF-A5D9E946BC46}.Debug|x64.Build.0 = Debug|x64
		{4163B6F9-C8AA-3BA5-8AEF-A5D9E946BC46}.Release|x64.ActiveCfg = Release|x64
		{4163B6F9-C8AA-3BA5-8AEF-A5D9E946BC46}.Release|x64.Build.0 = Release|x64
		{4163B6F9-C8AA-3BA5-8AEF-A5D9E946BC46}.MinSizeRel|x64.ActiveCfg = MinSizeRel|x64
		{4163B6F9-C8AA-3BA5-8AEF-A5D9E946BC46}.MinSizeRel|x64.Build.0 = MinSizeRel|x64
		{4163B6F9-C8AA-3BA5-8AEF-A5D9E946BC46}.RelWithDebInfo|x64.ActiveCfg = RelWithDebInfo|x64
		{4163B6F9-C8AA-3BA5-8AEF-A5D9E946BC46}.RelWithDebInfo|x64.Build.0 = RelWithDebInfo|x64
		{147506C9-4E4C-311B-869A-EE8BB55B055D}.Debug|x64.ActiveCfg = Debug|x64
		{147506C9-4E4C-311B-869A-EE8BB55B055D}.Debug|x64.Build.0 = Debug|x64
		{147506C9-4E4C-311B-869A-EE8BB55B055D}.Release|x64.ActiveCfg = Release|x64
		{147506C9-4E4C-311B-869A-EE8BB55B055D}.Release|x64.Build.0 = Release|x64
		{147506C9-4E4C-311B-869A-EE8BB55B055D}.MinSizeRel|x64.ActiveCfg = MinSizeRel|x64
		{147506C9-4E4C-311B-869A-EE8BB55B055D}.MinSizeRel|x64.Build.0 = MinSizeRel|x64
		{147506C9-4E4C-311B-869A-EE8BB55B055D}.RelWithDebInfo|x64.ActiveCfg = RelWithDebInfo|x64
		{147506C9-4E4C-311B-869A-EE8BB55B055D}.RelWithDebInfo|x64.Build.0 = RelWithDebInfo|x64
		{9E5DB51B-F182-3886-9695-354AAC1C6764}.Debug|x64.ActiveCfg = Debug|x64
		{9E5DB51B-F182-3886-9695-354AAC1C6764}.Debug|x64.Build.0 = Debug|x64
		{9E5DB51B-F182-3886-9695-354AAC1C6764}.Release|x64.ActiveCfg = Release|x64
		{9E5DB51B-F182-3886-9695-354AAC1C6764}.Release|x64.Build.0 = Release|x64
		{9E5DB51B-F182-3886-9695-354AAC1C6764}.MinSizeRel|x64.ActiveCfg = MinSizeRel|x64
		{9E5DB51B-F182-3886-9695-354AAC1C6764}.MinSizeRel|x64.Build.0 = MinSizeRel|x64
		{9E5DB51B-F182-3886-9695-354AAC1C6764}.RelWithDebInfo|x64.ActiveCfg = RelWithDebInfo|x64
		{9E5DB51B-F182-3886-9695-354AAC1C6764}.RelWithDebInfo|x64.Build.0 = RelWithDebInfo|x64
		{E175FFAE-8764-316A-98F3-69B52E98E2B8}.Debug|x64.ActiveCfg = Debug|x64
		{E175FFAE-8764-316A-98F3-69B52E98E2B8}.Debug|x64.Build.0 = Debug|x64
		{E175FFAE-8764-316A-98F3-69B52E98E2B8}.Release|x64.ActiveCfg = Release|x64
		{E175FFAE-8764-316A-98F3-69B52E98E2B8}.Release|x64.Build.0 = Release|x64
		{E175FFAE-8764-316A-98F3-69B52E98E2B8}.MinSizeRel|x64.ActiveCfg = MinSizeRel|x64
		{E175FFAE-8764-316A-98F3-69B52E98E2B8}.MinSizeRel|x64.Build.0 = MinSizeRel|x64
		{E175FFAE-8764-316A-98F3-69B52E98E2B8}.RelWithDebInfo|x64.ActiveCfg = RelWithDebInfo|x64
		{E175FFAE-8764-316A-98F3-69B52E98E2B8}.RelWithDebInfo|x64.Build.0 = RelWithDebInfo|x64
		{3B6D729B-8421-32A4-AB9F-D99FD6ADF14D}.Debug|x64.ActiveCfg = Debug|x64
		{3B6D729B-8421-32A4-AB9F-D99FD6ADF14D}.Debug|x64.Build.0 = Debug|x64
		{3B6D729B-8421-32A4-AB9F-D99FD6ADF14D}.Release|x64.ActiveCfg = Release|x64
		{3B6D729B-8421-32A4-AB9F-D99FD6ADF14D}.Release|x64.Build.0 = Release|x64
		{3B6D729B-8421-32A4-AB9F-D99FD6ADF14D}.MinSizeRel|x64.ActiveCfg = MinSizeRel|x64
		{3B6D729B-8421-32A4-AB9F-D99FD6ADF14D}.MinSizeRel|x64.Build.0 = MinSizeRel|x64
		{3B6D729B-8421-32A4-AB9F-D99FD6ADF14D}.RelWithDebInfo|x64.ActiveCfg = RelWithDebInfo|x64
		{3B6D729B-8421-32A4-AB9F-D99FD6ADF14D}.RelWithDebInfo|x64.Build.0 = RelWithDebInfo|x64
	EndGlobalSection
	GlobalSection(ExtensibilityGlobals) = postSolution
		SolutionGuid = {14024CBB-4411-3243-8EDC-A612D484A928}
	EndGlobalSection
	GlobalSection(ExtensibilityAddIns) = postSolution
	EndGlobalSection
EndGlobal
